
Microsoft Visual Studio Solution File, Format Version 12.00
# Visual Studio Version 17
VisualStudioVersion = 17.10.34928.147
MinimumVisualStudioVersion = 10.0.40219.1
Project("{9A19103F-16F7-4668-BE54-9A1E7A4F7556}") = "Image", "Image.csproj", "{77D2ED15-AC05-4DA6-AF00-A6EE6C815AFF}"
EndProject
Project("{FAE04EC0-301F-11D3-BF4B-00C04F79EFBC}") = "TestFilter", "..\TestFilter\TestFilter.csproj", "{0C8E2152-16E7-4A62-8F8E-407AC5360960}"
EndProject
Global
	GlobalSection(SolutionConfigurationPlatforms) = preSolution
		Debug|Any CPU = Debug|Any CPU
		Release|Any CPU = Release|Any CPU
	EndGlobalSection
	GlobalSection(ProjectConfigurationPlatforms) = postSolution
		{77D2ED15-AC05-4DA6-AF00-A6EE6C815AFF}.Debug|Any CPU.ActiveCfg = Debug|Any CPU
		{77D2ED15-AC05-4DA6-AF00-A6EE6C815AFF}.Debug|Any CPU.Build.0 = Debug|Any CPU
		{77D2ED15-AC05-4DA6-AF00-A6EE6C815AFF}.Release|Any CPU.ActiveCfg = Release|Any CPU
		{77D2ED15-AC05-4DA6-AF00-A6EE6C815AFF}.Release|Any CPU.Build.0 = Release|Any CPU
		{0C8E2152-16E7-4A62-8F8E-407AC5360960}.Debug|Any CPU.ActiveCfg = Debug|Any CPU
		{0C8E2152-16E7-4A62-8F8E-407AC5360960}.Debug|Any CPU.Build.0 = Debug|Any CPU
		{0C8E2152-16E7-4A62-8F8E-407AC5360960}.Release|Any CPU.ActiveCfg = Release|Any CPU
		{0C8E2152-16E7-4A62-8F8E-407AC5360960}.Release|Any CPU.Build.0 = Release|Any CPU
	EndGlobalSection
	GlobalSection(SolutionProperties) = preSolution
		HideSolutionNode = FALSE
	EndGlobalSection
	GlobalSection(ExtensibilityGlobals) = postSolution
		SolutionGuid = {27B3F746-06D8-408E-82DF-DE97ECF2E4F8}
	EndGlobalSection
EndGlobal
